
Microsoft Visual Studio Solution File, Format Version 12.00
Project("{FAE04EC0-301F-11D3-BF4B-00C04F79EFBC}") = "Firepuma.DatabaseRepositories.Abstractions", "Firepuma.DatabaseRepositories.Abstractions\Firepuma.DatabaseRepositories.Abstractions.csproj", "{D8100F14-5A2D-4990-B7A0-76F97D13933A}"
EndProject
Project("{2150E333-8FDC-42A3-9474-1A3956D46DE8}") = "SolutionFiles", "SolutionFiles", "{5DAECE1C-F84B-4DBB-AAF6-C036EA316784}"
	ProjectSection(SolutionItems) = preProject
		README.md = README.md
		.gitignore = .gitignore
		LICENSE = LICENSE
	EndProjectSection
EndProject
Project("{2150E333-8FDC-42A3-9474-1A3956D46DE8}") = ".github", ".github", "{37D2D15A-AA9B-4773-BB5A-D2DE9417C5E6}"
EndProject
Project("{2150E333-8FDC-42A3-9474-1A3956D46DE8}") = "workflows", "workflows", "{80E8184B-420E-4B17-B877-D1C0D98EC725}"
	ProjectSection(SolutionItems) = preProject
		.github\workflows\publish-nuget-packages.yml = .github\workflows\publish-nuget-packages.yml
	EndProjectSection
EndProject
Project("{FAE04EC0-301F-11D3-BF4B-00C04F79EFBC}") = "Firepuma.DatabaseRepositories.CosmosDb", "Firepuma.DatabaseRepositories.CosmosDb\Firepuma.DatabaseRepositories.CosmosDb.csproj", "{98C0502D-3BE3-42DE-BFD7-9FB3AB666885}"
EndProject
Project("{2150E333-8FDC-42A3-9474-1A3956D46DE8}") = "Samples", "Samples", "{EB6DBDB8-9C4A-4162-BF7C-964F97B558BD}"
EndProject
Project("{FAE04EC0-301F-11D3-BF4B-00C04F79EFBC}") = "Sample.CosmosDbRepositoriesClientApp", "Samples\Sample.CosmosDbRepositoriesClientApp\Sample.CosmosDbRepositoriesClientApp.csproj", "{813039F2-665B-4C6F-A1B2-A78E2BE593B7}"
EndProject
Project("{FAE04EC0-301F-11D3-BF4B-00C04F79EFBC}") = "Firepuma.DatabaseRepositories.Tests", "Firepuma.DatabaseRepositories.Tests\Firepuma.DatabaseRepositories.Tests.csproj", "{C764E4E8-5BA1-41C5-99F3-438814A66433}"
EndProject
Project("{FAE04EC0-301F-11D3-BF4B-00C04F79EFBC}") = "Firepuma.DatabaseRepositories.MongoDb", "Firepuma.DatabaseRepositories.MongoDb\Firepuma.DatabaseRepositories.MongoDb.csproj", "{46394C90-39AA-4BB8-93F6-78C87AA972F6}"
EndProject
Project("{FAE04EC0-301F-11D3-BF4B-00C04F79EFBC}") = "Sample.MongoDbRepositoriesClientApp", "Samples\Sample.MongoDbRepositoriesClientApp\Sample.MongoDbRepositoriesClientApp.csproj", "{853E8115-E4DF-42B8-B528-CD2532CF5D10}"
EndProject
Project("{FAE04EC0-301F-11D3-BF4B-00C04F79EFBC}") = "Firepuma.DatabaseRepositories.MongoDb.Abstractions", "Firepuma.DatabaseRepositories.MongoDb.Abstractions\Firepuma.DatabaseRepositories.MongoDb.Abstractions.csproj", "{25842B15-E13F-4B9C-B1E7-E83812F27D49}"
EndProject
Project("{FAE04EC0-301F-11D3-BF4B-00C04F79EFBC}") = "Firepuma.DatabaseRepositories.CosmosDb.Abstractions", "Firepuma.DatabaseRepositories.CosmosDb.Abstractions\Firepuma.DatabaseRepositories.CosmosDb.Abstractions.csproj", "{92ACE24E-E688-4B09-87FB-E895B9960C10}"
EndProject
Global
	GlobalSection(SolutionConfigurationPlatforms) = preSolution
		Debug|Any CPU = Debug|Any CPU
		Release|Any CPU = Release|Any CPU
	EndGlobalSection
	GlobalSection(ProjectConfigurationPlatforms) = postSolution
		{D8100F14-5A2D-4990-B7A0-76F97D13933A}.Debug|Any CPU.ActiveCfg = Debug|Any CPU
		{D8100F14-5A2D-4990-B7A0-76F97D13933A}.Debug|Any CPU.Build.0 = Debug|Any CPU
		{D8100F14-5A2D-4990-B7A0-76F97D13933A}.Release|Any CPU.ActiveCfg = Release|Any CPU
		{D8100F14-5A2D-4990-B7A0-76F97D13933A}.Release|Any CPU.Build.0 = Release|Any CPU
		{98C0502D-3BE3-42DE-BFD7-9FB3AB666885}.Debug|Any CPU.ActiveCfg = Debug|Any CPU
		{98C0502D-3BE3-42DE-BFD7-9FB3AB666885}.Debug|Any CPU.Build.0 = Debug|Any CPU
		{98C0502D-3BE3-42DE-BFD7-9FB3AB666885}.Release|Any CPU.ActiveCfg = Release|Any CPU
		{98C0502D-3BE3-42DE-BFD7-9FB3AB666885}.Release|Any CPU.Build.0 = Release|Any CPU
		{813039F2-665B-4C6F-A1B2-A78E2BE593B7}.Debug|Any CPU.ActiveCfg = Debug|Any CPU
		{813039F2-665B-4C6F-A1B2-A78E2BE593B7}.Debug|Any CPU.Build.0 = Debug|Any CPU
		{813039F2-665B-4C6F-A1B2-A78E2BE593B7}.Release|Any CPU.ActiveCfg = Release|Any CPU
		{813039F2-665B-4C6F-A1B2-A78E2BE593B7}.Release|Any CPU.Build.0 = Release|Any CPU
		{C764E4E8-5BA1-41C5-99F3-438814A66433}.Debug|Any CPU.ActiveCfg = Debug|Any CPU
		{C764E4E8-5BA1-41C5-99F3-438814A66433}.Debug|Any CPU.Build.0 = Debug|Any CPU
		{C764E4E8-5BA1-41C5-99F3-438814A66433}.Release|Any CPU.ActiveCfg = Release|Any CPU
		{C764E4E8-5BA1-41C5-99F3-438814A66433}.Release|Any CPU.Build.0 = Release|Any CPU
		{46394C90-39AA-4BB8-93F6-78C87AA972F6}.Debug|Any CPU.ActiveCfg = Debug|Any CPU
		{46394C90-39AA-4BB8-93F6-78C87AA972F6}.Debug|Any CPU.Build.0 = Debug|Any CPU
		{46394C90-39AA-4BB8-93F6-78C87AA972F6}.Release|Any CPU.ActiveCfg = Release|Any CPU
		{46394C90-39AA-4BB8-93F6-78C87AA972F6}.Release|Any CPU.Build.0 = Release|Any CPU
		{853E8115-E4DF-42B8-B528-CD2532CF5D10}.Debug|Any CPU.ActiveCfg = Debug|Any CPU
		{853E8115-E4DF-42B8-B528-CD2532CF5D10}.Debug|Any CPU.Build.0 = Debug|Any CPU
		{853E8115-E4DF-42B8-B528-CD2532CF5D10}.Release|Any CPU.ActiveCfg = Release|Any CPU
		{853E8115-E4DF-42B8-B528-CD2532CF5D10}.Release|Any CPU.Build.0 = Release|Any CPU
		{25842B15-E13F-4B9C-B1E7-E83812F27D49}.Debug|Any CPU.ActiveCfg = Debug|Any CPU
		{25842B15-E13F-4B9C-B1E7-E83812F27D49}.Debug|Any CPU.Build.0 = Debug|Any CPU
		{25842B15-E13F-4B9C-B1E7-E83812F27D49}.Release|Any CPU.ActiveCfg = Release|Any CPU
		{25842B15-E13F-4B9C-B1E7-E83812F27D49}.Release|Any CPU.Build.0 = Release|Any CPU
		{92ACE24E-E688-4B09-87FB-E895B9960C10}.Debug|Any CPU.ActiveCfg = Debug|Any CPU
		{92ACE24E-E688-4B09-87FB-E895B9960C10}.Debug|Any CPU.Build.0 = Debug|Any CPU
		{92ACE24E-E688-4B09-87FB-E895B9960C10}.Release|Any CPU.ActiveCfg = Release|Any CPU
		{92ACE24E-E688-4B09-87FB-E895B9960C10}.Release|Any CPU.Build.0 = Release|Any CPU
	EndGlobalSection
	GlobalSection(NestedProjects) = preSolution
		{37D2D15A-AA9B-4773-BB5A-D2DE9417C5E6} = {5DAECE1C-F84B-4DBB-AAF6-C036EA316784}
		{80E8184B-420E-4B17-B877-D1C0D98EC725} = {37D2D15A-AA9B-4773-BB5A-D2DE9417C5E6}
		{813039F2-665B-4C6F-A1B2-A78E2BE593B7} = {EB6DBDB8-9C4A-4162-BF7C-964F97B558BD}
		{853E8115-E4DF-42B8-B528-CD2532CF5D10} = {EB6DBDB8-9C4A-4162-BF7C-964F97B558BD}
	EndGlobalSection
EndGlobal
